// !$*UTF8*$!
{
	archiveVersion = 1;
	classes = {
	};
	objectVersion = 46;
	objects = {

/* Begin PBXBuildFile section */
		EA808D421AF5212600E93D49 /* main.m in Sources */ = {isa = PBXBuildFile; fileRef = EA808D411AF5212600E93D49 /* main.m */; };
		EA808D451AF5212600E93D49 /* AppDelegate.m in Sources */ = {isa = PBXBuildFile; fileRef = EA808D441AF5212600E93D49 /* AppDelegate.m */; };
		EA808D481AF5212600E93D49 /* ViewController.m in Sources */ = {isa = PBXBuildFile; fileRef = EA808D471AF5212600E93D49 /* ViewController.m */; };
		EA808D4B1AF5212600E93D49 /* Main.storyboard in Resources */ = {isa = PBXBuildFile; fileRef = EA808D491AF5212600E93D49 /* Main.storyboard */; };
		EA808D4D1AF5212600E93D49 /* Images.xcassets in Resources */ = {isa = PBXBuildFile; fileRef = EA808D4C1AF5212600E93D49 /* Images.xcassets */; };
		EA808D501AF5212600E93D49 /* LaunchScreen.xib in Resources */ = {isa = PBXBuildFile; fileRef = EA808D4E1AF5212600E93D49 /* LaunchScreen.xib */; };
		EA808D5C1AF5212600E93D49 /* GitHubDummyUserTests.m in Sources */ = {isa = PBXBuildFile; fileRef = EA808D5B1AF5212600E93D49 /* GitHubDummyUserTests.m */; };
/* End PBXBuildFile section */

/* Begin PBXContainerItemProxy section */
		EA808D561AF5212600E93D49 /* PBXContainerItemProxy */ = {
			isa = PBXContainerItemProxy;
			containerPortal = EA808D341AF5212600E93D49 /* Project object */;
			proxyType = 1;
			remoteGlobalIDString = EA808D3B1AF5212600E93D49;
			remoteInfo = GitHubDummyUser;
		};
/* End PBXContainerItemProxy section */

/* Begin PBXFileReference section */
		EA808D3C1AF5212600E93D49 /* GitHubDummyUser.app */ = {isa = PBXFileReference; explicitFileType = wrapper.application; includeInIndex = 0; path = GitHubDummyUser.app; sourceTree = BUILT_PRODUCTS_DIR; };
		EA808D401AF5212600E93D49 /* Info.plist */ = {isa = PBXFileReference; lastKnownFileType = text.plist.xml; path = Info.plist; sourceTree = "<group>"; };
		EA808D411AF5212600E93D49 /* main.m */ = {isa = PBXFileReference; lastKnownFileType = sourcecode.c.objc; path = main.m; sourceTree = "<group>"; };
		EA808D431AF5212600E93D49 /* AppDelegate.h */ = {isa = PBXFileReference; lastKnownFileType = sourcecode.c.h; path = AppDelegate.h; sourceTree = "<group>"; };
		EA808D441AF5212600E93D49 /* AppDelegate.m */ = {isa = PBXFileReference; lastKnownFileType = sourcecode.c.objc; path = AppDelegate.m; sourceTree = "<group>"; };
		EA808D461AF5212600E93D49 /* ViewController.h */ = {isa = PBXFileReference; lastKnownFileType = sourcecode.c.h; path = ViewController.h; sourceTree = "<group>"; };
		EA808D471AF5212600E93D49 /* ViewController.m */ = {isa = PBXFileReference; lastKnownFileType = sourcecode.c.objc; path = ViewController.m; sourceTree = "<group>"; };
		EA808D4A1AF5212600E93D49 /* Base */ = {isa = PBXFileReference; lastKnownFileType = file.storyboard; name = Base; path = Base.lproj/Main.storyboard; sourceTree = "<group>"; };
		EA808D4C1AF5212600E93D49 /* Images.xcassets */ = {isa = PBXFileReference; lastKnownFileType = folder.assetcatalog; path = Images.xcassets; sourceTree = "<group>"; };
		EA808D4F1AF5212600E93D49 /* Base */ = {isa = PBXFileReference; lastKnownFileType = file.xib; name = Base; path = Base.lproj/LaunchScreen.xib; sourceTree = "<group>"; };
		EA808D551AF5212600E93D49 /* GitHubDummyUserTests.xctest */ = {isa = PBXFileReference; explicitFileType = wrapper.cfbundle; includeInIndex = 0; path = GitHubDummyUserTests.xctest; sourceTree = BUILT_PRODUCTS_DIR; };
		EA808D5A1AF5212600E93D49 /* Info.plist */ = {isa = PBXFileReference; lastKnownFileType = text.plist.xml; path = Info.plist; sourceTree = "<group>"; };
		EA808D5B1AF5212600E93D49 /* GitHubDummyUserTests.m */ = {isa = PBXFileReference; lastKnownFileType = sourcecode.c.objc; path = GitHubDummyUserTests.m; sourceTree = "<group>"; };
/* End PBXFileReference section */

/* Begin PBXFrameworksBuildPhase section */
		EA808D391AF5212600E93D49 /* Frameworks */ = {
			isa = PBXFrameworksBuildPhase;
			buildActionMask = 2147483647;
			files = (
			);
			runOnlyForDeploymentPostprocessing = 0;
		};
		EA808D521AF5212600E93D49 /* Frameworks */ = {
			isa = PBXFrameworksBuildPhase;
			buildActionMask = 2147483647;
			files = (
			);
			runOnlyForDeploymentPostprocessing = 0;
		};
/* End PBXFrameworksBuildPhase section */

/* Begin PBXGroup section */
		EA808D331AF5212600E93D49 = {
			isa = PBXGroup;
			children = (
				EA808D3E1AF5212600E93D49 /* GitHubDummyUser */,
				EA808D581AF5212600E93D49 /* GitHubDummyUserTests */,
				EA808D3D1AF5212600E93D49 /* Products */,
			);
			sourceTree = "<group>";
		};
		EA808D3D1AF5212600E93D49 /* Products */ = {
			isa = PBXGroup;
			children = (
				EA808D3C1AF5212600E93D49 /* GitHubDummyUser.app */,
				EA808D551AF5212600E93D49 /* GitHubDummyUserTests.xctest */,
			);
			name = Products;
			sourceTree = "<group>";
		};
		EA808D3E1AF5212600E93D49 /* GitHubDummyUser */ = {
			isa = PBXGroup;
			children = (
				EA808D431AF5212600E93D49 /* AppDelegate.h */,
				EA808D441AF5212600E93D49 /* AppDelegate.m */,
				EA808D461AF5212600E93D49 /* ViewController.h */,
				EA808D471AF5212600E93D49 /* ViewController.m */,
				EA808D491AF5212600E93D49 /* Main.storyboard */,
				EA808D4C1AF5212600E93D49 /* Images.xcassets */,
				EA808D4E1AF5212600E93D49 /* LaunchScreen.xib */,
				EA808D3F1AF5212600E93D49 /* Supporting Files */,
			);
			path = GitHubDummyUser;
			sourceTree = "<group>";
		};
		EA808D3F1AF5212600E93D49 /* Supporting Files */ = {
			isa = PBXGroup;
			children = (
				EA808D401AF5212600E93D49 /* Info.plist */,
				EA808D411AF5212600E93D49 /* main.m */,
			);
			name = "Supporting Files";
			sourceTree = "<group>";
		};
		EA808D581AF5212600E93D49 /* GitHubDummyUserTests */ = {
			isa = PBXGroup;
			children = (
				EA808D5B1AF5212600E93D49 /* GitHubDummyUserTests.m */,
				EA808D591AF5212600E93D49 /* Supporting Files */,
			);
			path = GitHubDummyUserTests;
			sourceTree = "<group>";
		};
		EA808D591AF5212600E93D49 /* Supporting Files */ = {
			isa = PBXGroup;
			children = (
				EA808D5A1AF5212600E93D49 /* Info.plist */,
			);
			name = "Supporting Files";
			sourceTree = "<group>";
		};
/* End PBXGroup section */

/* Begin PBXNativeTarget section */
		EA808D3B1AF5212600E93D49 /* GitHubDummyUser */ = {
			isa = PBXNativeTarget;
			buildConfigurationList = EA808D5F1AF5212600E93D49 /* Build configuration list for PBXNativeTarget "GitHubDummyUser" */;
			buildPhases = (
				EA808D381AF5212600E93D49 /* Sources */,
				EA808D391AF5212600E93D49 /* Frameworks */,
				EA808D3A1AF5212600E93D49 /* Resources */,
			);
			buildRules = (
			);
			dependencies = (
			);
			name = GitHubDummyUser;
			productName = GitHubDummyUser;
			productReference = EA808D3C1AF5212600E93D49 /* GitHubDummyUser.app */;
			productType = "com.apple.product-type.application";
		};
		EA808D541AF5212600E93D49 /* GitHubDummyUserTests */ = {
			isa = PBXNativeTarget;
			buildConfigurationList = EA808D621AF5212600E93D49 /* Build configuration list for PBXNativeTarget "GitHubDummyUserTests" */;
			buildPhases = (
				EA808D511AF5212600E93D49 /* Sources */,
				EA808D521AF5212600E93D49 /* Frameworks */,
				EA808D531AF5212600E93D49 /* Resources */,
			);
			buildRules = (
			);
			dependencies = (
				EA808D571AF5212600E93D49 /* PBXTargetDependency */,
			);
			name = GitHubDummyUserTests;
			productName = GitHubDummyUserTests;
			productReference = EA808D551AF5212600E93D49 /* GitHubDummyUserTests.xctest */;
			productType = "com.apple.product-type.bundle.unit-test";
		};
/* End PBXNativeTarget section */

/* Begin PBXProject section */
		EA808D341AF5212600E93D49 /* Project object */ = {
			isa = PBXProject;
			attributes = {
				LastUpgradeCheck = 0630;
				ORGANIZATIONNAME = "Tony George";
				TargetAttributes = {
					EA808D3B1AF5212600E93D49 = {
						CreatedOnToolsVersion = 6.3.1;
					};
					EA808D541AF5212600E93D49 = {
						CreatedOnToolsVersion = 6.3.1;
						TestTargetID = EA808D3B1AF5212600E93D49;
					};
				};
			};
			buildConfigurationList = EA808D371AF5212600E93D49 /* Build configuration list for PBXProject "GitHubDummyUser" */;
			compatibilityVersion = "Xcode 3.2";
			developmentRegion = English;
			hasScannedForEncodings = 0;
			knownRegions = (
				en,
				Base,
			);
			mainGroup = EA808D331AF5212600E93D49;
			productRefGroup = EA808D3D1AF5212600E93D49 /* Products */;
			projectDirPath = "";
			projectRoot = "";
			targets = (
				EA808D3B1AF5212600E93D49 /* GitHubDummyUser */,
				EA808D541AF5212600E93D49 /* GitHubDummyUserTests */,
			);
		};
/* End PBXProject section */

/* Begin PBXResourcesBuildPhase section */
		EA808D3A1AF5212600E93D49 /* Resources */ = {
			isa = PBXResourcesBuildPhase;
			buildActionMask = 2147483647;
			files = (
				EA808D4B1AF5212600E93D49 /* Main.storyboard in Resources */,
				EA808D501AF5212600E93D49 /* LaunchScreen.xib in Resources */,
				EA808D4D1AF5212600E93D49 /* Images.xcassets in Resources */,
			);
			runOnlyForDeploymentPostprocessing = 0;
		};
		EA808D531AF5212600E93D49 /* Resources */ = {
			isa = PBXResourcesBuildPhase;
			buildActionMask = 2147483647;
			files = (
			);
			runOnlyForDeploymentPostprocessing = 0;
		};
/* End PBXResourcesBuildPhase section */

/* Begin PBXSourcesBuildPhase section */
		EA808D381AF5212600E93D49 /* Sources */ = {
			isa = PBXSourcesBuildPhase;
			buildActionMask = 2147483647;
			files = (
				EA808D481AF5212600E93D49 /* ViewController.m in Sources */,
				EA808D451AF5212600E93D49 /* AppDelegate.m in Sources */,
				EA808D421AF5212600E93D49 /* main.m in Sources */,
			);
			runOnlyForDeploymentPostprocessing = 0;
		};
		EA808D511AF5212600E93D49 /* Sources */ = {
			isa = PBXSourcesBuildPhase;
			buildActionMask = 2147483647;
			files = (
				EA808D5C1AF5212600E93D49 /* GitHubDummyUserTests.m in Sources */,
			);
			runOnlyForDeploymentPostprocessing = 0;
		};
/* End PBXSourcesBuildPhase section */

/* Begin PBXTargetDependency section */
		EA808D571AF5212600E93D49 /* PBXTargetDependency */ = {
			isa = PBXTargetDependency;
			target = EA808D3B1AF5212600E93D49 /* GitHubDummyUser */;
			targetProxy = EA808D561AF5212600E93D49 /* PBXContainerItemProxy */;
		};
/* End PBXTargetDependency section */

/* Begin PBXVariantGroup section */
		EA808D491AF5212600E93D49 /* Main.storyboard */ = {
			isa = PBXVariantGroup;
			children = (
				EA808D4A1AF5212600E93D49 /* Base */,
			);
			name = Main.storyboard;
			sourceTree = "<group>";
		};
		EA808D4E1AF5212600E93D49 /* LaunchScreen.xib */ = {
			isa = PBXVariantGroup;
			children = (
				EA808D4F1AF5212600E93D49 /* Base */,
			);
			name = LaunchScreen.xib;
			sourceTree = "<group>";
		};
/* End PBXVariantGroup section */

/* Begin XCBuildConfiguration section */
		EA808D5D1AF5212600E93D49 /* Debug */ = {
			isa = XCBuildConfiguration;
			buildSettings = {
				ALWAYS_SEARCH_USER_PATHS = NO;
				CLANG_CXX_LANGUAGE_STANDARD = "gnu++0x";
				CLANG_CXX_LIBRARY = "libc++";
				CLANG_ENABLE_MODULES = YES;
				CLANG_ENABLE_OBJC_ARC = YES;
				CLANG_WARN_BOOL_CONVERSION = YES;
				CLANG_WARN_CONSTANT_CONVERSION = YES;
				CLANG_WARN_DIRECT_OBJC_ISA_USAGE = YES_ERROR;
				CLANG_WARN_EMPTY_BODY = YES;
				CLANG_WARN_ENUM_CONVERSION = YES;
				CLANG_WARN_INT_CONVERSION = YES;
				CLANG_WARN_OBJC_ROOT_CLASS = YES_ERROR;
				CLANG_WARN_UNREACHABLE_CODE = YES;
				CLANG_WARN__DUPLICATE_METHOD_MATCH = YES;
				"CODE_SIGN_IDENTITY[sdk=iphoneos*]" = "iPhone Developer";
				COPY_PHASE_STRIP = NO;
				DEBUG_INFORMATION_FORMAT = "dwarf-with-dsym";
				ENABLE_STRICT_OBJC_MSGSEND = YES;
				GCC_C_LANGUAGE_STANDARD = gnu99;
				GCC_DYNAMIC_NO_PIC = NO;
				GCC_NO_COMMON_BLOCKS = YES;
				GCC_OPTIMIZATION_LEVEL = 0;
				GCC_PREPROCESSOR_DEFINITIONS = (
					"DEBUG=1",
					"$(inherited)",
				);
				GCC_SYMBOLS_PRIVATE_EXTERN = NO;
				GCC_WARN_64_TO_32_BIT_CONVERSION = YES;
				GCC_WARN_ABOUT_RETURN_TYPE = YES_ERROR;
				GCC_WARN_UNDECLARED_SELECTOR = YES;
				GCC_WARN_UNINITIALIZED_AUTOS = YES_AGGRESSIVE;
				GCC_WARN_UNUSED_FUNCTION = YES;
				GCC_WARN_UNUSED_VARIABLE = YES;
				IPHONEOS_DEPLOYMENT_TARGET = 8.3;
				MTL_ENABLE_DEBUG_INFO = YES;
				ONLY_ACTIVE_ARCH = YES;
				SDKROOT = iphoneos;
			};
			name = Debug;
		};
		EA808D5E1AF5212600E93D49 /* Release */ = {
			isa = XCBuildConfiguration;
			buildSettings = {
				ALWAYS_SEARCH_USER_PATHS = NO;
				CLANG_CXX_LANGUAGE_STANDARD = "gnu++0x";
				CLANG_CXX_LIBRARY = "libc++";
				CLANG_ENABLE_MODULES = YES;
				CLANG_ENABLE_OBJC_ARC = YES;
				CLANG_WARN_BOOL_CONVERSION = YES;
				CLANG_WARN_CONSTANT_CONVERSION = YES;
				CLANG_WARN_DIRECT_OBJC_ISA_USAGE = YES_ERROR;
				CLANG_WARN_EMPTY_BODY = YES;
				CLANG_WARN_ENUM_CONVERSION = YES;
				CLANG_WARN_INT_CONVERSION = YES;
				CLANG_WARN_OBJC_ROOT_CLASS = YES_ERROR;
				CLANG_WARN_UNREACHABLE_CODE = YES;
				CLANG_WARN__DUPLICATE_METHOD_MATCH = YES;
				"CODE_SIGN_IDENTITY[sdk=iphoneos*]" = "iPhone Developer";
				COPY_PHASE_STRIP = NO;
				DEBUG_INFORMATION_FORMAT = "dwarf-with-dsym";
				ENABLE_NS_ASSERTIONS = NO;
				ENABLE_STRICT_OBJC_MSGSEND = YES;
				GCC_C_LANGUAGE_STANDARD = gnu99;
				GCC_NO_COMMON_BLOCKS = YES;
				GCC_WARN_64_TO_32_BIT_CONVERSION = YES;
				GCC_WARN_ABOUT_RETURN_TYPE = YES_ERROR;
				GCC_WARN_UNDECLARED_SELECTOR = YES;
				GCC_WARN_UNINITIALIZED_AUTOS = YES_AGGRESSIVE;
				GCC_WARN_UNUSED_FUNCTION = YES;
				GCC_WARN_UNUSED_VARIABLE = YES;
				IPHONEOS_DEPLOYMENT_TARGET = 8.3;
				MTL_ENABLE_DEBUG_INFO = NO;
				SDKROOT = iphoneos;
				VALIDATE_PRODUCT = YES;
			};
			name = Release;
		};
		EA808D601AF5212600E93D49 /* Debug */ = {
			isa = XCBuildConfiguration;
			buildSettings = {
				ASSETCATALOG_COMPILER_APPICON_NAME = AppIcon;
				INFOPLIST_FILE = GitHubDummyUser/Info.plist;
				LD_RUNPATH_SEARCH_PATHS = "$(inherited) @executable_path/Frameworks";
				PRODUCT_NAME = "$(TARGET_NAME)";
			};
			name = Debug;
		};
		EA808D611AF5212600E93D49 /* Release */ = {
			isa = XCBuildConfiguration;
			buildSettings = {
				ASSETCATALOG_COMPILER_APPICON_NAME = AppIcon;
				INFOPLIST_FILE = GitHubDummyUser/Info.plist;
				LD_RUNPATH_SEARCH_PATHS = "$(inherited) @executable_path/Frameworks";
				PRODUCT_NAME = "$(TARGET_NAME)";
			};
			name = Release;
		};
		EA808D631AF5212600E93D49 /* Debug */ = {
			isa = XCBuildConfiguration;
			buildSettings = {
				BUNDLE_LOADER = "$(TEST_HOST)";
				FRAMEWORK_SEARCH_PATHS = (
					"$(SDKROOT)/Developer/Library/Frameworks",
					"$(inherited)",
				);
				GCC_PREPROCESSOR_DEFINITIONS = (
					"DEBUG=1",
					"$(inherited)",
				);
				INFOPLIST_FILE = GitHubDummyUserTests/Info.plist;
				LD_RUNPATH_SEARCH_PATHS = "$(inherited) @executable_path/Frameworks @loader_path/Frameworks";
				PRODUCT_NAME = "$(TARGET_NAME)";
				TEST_HOST = "$(BUILT_PRODUCTS_DIR)/GitHubDummyUser.app/GitHubDummyUser";
			};
			name = Debug;
		};
		EA808D641AF5212600E93D49 /* Release */ = {
			isa = XCBuildConfiguration;
			buildSettings = {
				BUNDLE_LOADER = "$(TEST_HOST)";
				FRAMEWORK_SEARCH_PATHS = (
					"$(SDKROOT)/Developer/Library/Frameworks",
					"$(inherited)",
				);
				INFOPLIST_FILE = GitHubDummyUserTests/Info.plist;
				LD_RUNPATH_SEARCH_PATHS = "$(inherited) @executable_path/Frameworks @loader_path/Frameworks";
				PRODUCT_NAME = "$(TARGET_NAME)";
				TEST_HOST = "$(BUILT_PRODUCTS_DIR)/GitHubDummyUser.app/GitHubDummyUser";
			};
			name = Release;
		};
/* End XCBuildConfiguration section */

/* Begin XCConfigurationList section */
		EA808D371AF5212600E93D49 /* Build configuration list for PBXProject "GitHubDummyUser" */ = {
			isa = XCConfigurationList;
			buildConfigurations = (
				EA808D5D1AF5212600E93D49 /* Debug */,
				EA808D5E1AF5212600E93D49 /* Release */,
			);
			defaultConfigurationIsVisible = 0;
			defaultConfigurationName = Release;
		};
		EA808D5F1AF5212600E93D49 /* Build configuration list for PBXNativeTarget "GitHubDummyUser" */ = {
			isa = XCConfigurationList;
			buildConfigurations = (
				EA808D601AF5212600E93D49 /* Debug */,
				EA808D611AF5212600E93D49 /* Release */,
			);
			defaultConfigurationIsVisible = 0;
		};
		EA808D621AF5212600E93D49 /* Build configuration list for PBXNativeTarget "GitHubDummyUserTests" */ = {
			isa = XCConfigurationList;
			buildConfigurations = (
				EA808D631AF5212600E93D49 /* Debug */,
				EA808D641AF5212600E93D49 /* Release */,
			);
			defaultConfigurationIsVisible = 0;
		};
/* End XCConfigurationList section */
	};
	rootObject = EA808D341AF5212600E93D49 /* Project object */;
}
